
Microsoft Visual Studio Solution File, Format Version 12.00
# Visual Studio Version 16
VisualStudioVersion = 16.0.28803.452
MinimumVisualStudioVersion = 10.0.40219.1
Project("{FAE04EC0-301F-11D3-BF4B-00C04F79EFBC}") = "JaggedArray", "JaggedArray\JaggedArray.csproj", "{AEF7C896-76DA-42E7-B6F9-F6DF3E91AA16}"
EndProject
Global
	GlobalSection(SolutionConfigurationPlatforms) = preSolution
		Debug|Any CPU = Debug|Any CPU
		Release|Any CPU = Release|Any CPU
	EndGlobalSection
	GlobalSection(ProjectConfigurationPlatforms) = postSolution
		{AEF7C896-76DA-42E7-B6F9-F6DF3E91AA16}.Debug|Any CPU.ActiveCfg = Debug|Any CPU
		{AEF7C896-76DA-42E7-B6F9-F6DF3E91AA16}.Debug|Any CPU.Build.0 = Debug|Any CPU
		{AEF7C896-76DA-42E7-B6F9-F6DF3E91AA16}.Release|Any CPU.ActiveCfg = Release|Any CPU
		{AEF7C896-76DA-42E7-B6F9-F6DF3E91AA16}.Release|Any CPU.Build.0 = Release|Any CPU
	EndGlobalSection
	GlobalSection(SolutionProperties) = preSolution
		HideSolutionNode = FALSE
	EndGlobalSection
	GlobalSection(ExtensibilityGlobals) = postSolution
		SolutionGuid = {C20D577C-E541-4478-83F3-1888B6285057}
	EndGlobalSection
EndGlobal
