
Microsoft Visual Studio Solution File, Format Version 12.00
# Visual Studio Version 16
VisualStudioVersion = 16.0.28803.452
MinimumVisualStudioVersion = 10.0.40219.1
Project("{FAE04EC0-301F-11D3-BF4B-00C04F79EFBC}") = "MathE", "MathE\MathE.csproj", "{16FAD656-5752-439E-B340-F077D0154E3E}"
EndProject
Global
	GlobalSection(SolutionConfigurationPlatforms) = preSolution
		Debug|Any CPU = Debug|Any CPU
		Release|Any CPU = Release|Any CPU
	EndGlobalSection
	GlobalSection(ProjectConfigurationPlatforms) = postSolution
		{16FAD656-5752-439E-B340-F077D0154E3E}.Debug|Any CPU.ActiveCfg = Debug|Any CPU
		{16FAD656-5752-439E-B340-F077D0154E3E}.Debug|Any CPU.Build.0 = Debug|Any CPU
		{16FAD656-5752-439E-B340-F077D0154E3E}.Release|Any CPU.ActiveCfg = Release|Any CPU
		{16FAD656-5752-439E-B340-F077D0154E3E}.Release|Any CPU.Build.0 = Release|Any CPU
	EndGlobalSection
	GlobalSection(SolutionProperties) = preSolution
		HideSolutionNode = FALSE
	EndGlobalSection
	GlobalSection(ExtensibilityGlobals) = postSolution
		SolutionGuid = {6BD11069-9A70-4E4E-BB3D-7B7ABC207EB9}
	EndGlobalSection
EndGlobal
