
Microsoft Visual Studio Solution File, Format Version 12.00
# Visual Studio Version 16
VisualStudioVersion = 16.0.28803.452
MinimumVisualStudioVersion = 10.0.40219.1
Project("{FAE04EC0-301F-11D3-BF4B-00C04F79EFBC}") = "EventsAndDelegatesCC", "EventsAndDelegatesCC\EventsAndDelegatesCC.csproj", "{FF3495EC-B06A-4773-BF66-ED71ABA5B538}"
EndProject
Global
	GlobalSection(SolutionConfigurationPlatforms) = preSolution
		Debug|Any CPU = Debug|Any CPU
		Release|Any CPU = Release|Any CPU
	EndGlobalSection
	GlobalSection(ProjectConfigurationPlatforms) = postSolution
		{FF3495EC-B06A-4773-BF66-ED71ABA5B538}.Debug|Any CPU.ActiveCfg = Debug|Any CPU
		{FF3495EC-B06A-4773-BF66-ED71ABA5B538}.Debug|Any CPU.Build.0 = Debug|Any CPU
		{FF3495EC-B06A-4773-BF66-ED71ABA5B538}.Release|Any CPU.ActiveCfg = Release|Any CPU
		{FF3495EC-B06A-4773-BF66-ED71ABA5B538}.Release|Any CPU.Build.0 = Release|Any CPU
	EndGlobalSection
	GlobalSection(SolutionProperties) = preSolution
		HideSolutionNode = FALSE
	EndGlobalSection
	GlobalSection(ExtensibilityGlobals) = postSolution
		SolutionGuid = {D605C177-F332-4457-ACDC-D416CACA32AA}
	EndGlobalSection
EndGlobal
