
Microsoft Visual Studio Solution File, Format Version 12.00
# Visual Studio Version 16
VisualStudioVersion = 16.0.28803.452
MinimumVisualStudioVersion = 10.0.40219.1
Project("{FAE04EC0-301F-11D3-BF4B-00C04F79EFBC}") = "Struc", "Struc\Struc.csproj", "{58024BD8-7819-43D9-B76A-8A70E045589C}"
EndProject
Global
	GlobalSection(SolutionConfigurationPlatforms) = preSolution
		Debug|Any CPU = Debug|Any CPU
		Release|Any CPU = Release|Any CPU
	EndGlobalSection
	GlobalSection(ProjectConfigurationPlatforms) = postSolution
		{58024BD8-7819-43D9-B76A-8A70E045589C}.Debug|Any CPU.ActiveCfg = Debug|Any CPU
		{58024BD8-7819-43D9-B76A-8A70E045589C}.Debug|Any CPU.Build.0 = Debug|Any CPU
		{58024BD8-7819-43D9-B76A-8A70E045589C}.Release|Any CPU.ActiveCfg = Release|Any CPU
		{58024BD8-7819-43D9-B76A-8A70E045589C}.Release|Any CPU.Build.0 = Release|Any CPU
	EndGlobalSection
	GlobalSection(SolutionProperties) = preSolution
		HideSolutionNode = FALSE
	EndGlobalSection
	GlobalSection(ExtensibilityGlobals) = postSolution
		SolutionGuid = {D64D04D7-27F9-47C9-B45C-03238F5E37E6}
	EndGlobalSection
EndGlobal
