
Microsoft Visual Studio Solution File, Format Version 12.00
# Visual Studio 15
VisualStudioVersion = 15.0.28307.168
MinimumVisualStudioVersion = 10.0.40219.1
Project("{FAE04EC0-301F-11D3-BF4B-00C04F79EFBC}") = "AdapterDemo", "AdapterDemo\AdapterDemo.csproj", "{68CE4874-8662-42BE-8321-8FF54589D022}"
EndProject
Global
	GlobalSection(SolutionConfigurationPlatforms) = preSolution
		Debug|Any CPU = Debug|Any CPU
		Release|Any CPU = Release|Any CPU
	EndGlobalSection
	GlobalSection(ProjectConfigurationPlatforms) = postSolution
		{68CE4874-8662-42BE-8321-8FF54589D022}.Debug|Any CPU.ActiveCfg = Debug|Any CPU
		{68CE4874-8662-42BE-8321-8FF54589D022}.Debug|Any CPU.Build.0 = Debug|Any CPU
		{68CE4874-8662-42BE-8321-8FF54589D022}.Release|Any CPU.ActiveCfg = Release|Any CPU
		{68CE4874-8662-42BE-8321-8FF54589D022}.Release|Any CPU.Build.0 = Release|Any CPU
	EndGlobalSection
	GlobalSection(SolutionProperties) = preSolution
		HideSolutionNode = FALSE
	EndGlobalSection
	GlobalSection(ExtensibilityGlobals) = postSolution
		SolutionGuid = {937FF863-3A08-4EE8-A2F8-1B42A59CA840}
	EndGlobalSection
EndGlobal
